// !$*UTF8*$!
{
	archiveVersion = 1;
	classes = {
	};
	objectVersion = 46;
	objects = {

/* Begin PBXBuildFile section */
		CB6A19931AA12CFE00C6F3F0 /* main.cpp in Sources */ = {isa = PBXBuildFile; fileRef = CB6A19921AA12CFE00C6F3F0 /* main.cpp */; };
		CB6A199C1AA1783900C6F3F0 /* README.md in Sources */ = {isa = PBXBuildFile; fileRef = CB6A199B1AA1783900C6F3F0 /* README.md */; };
/* End PBXBuildFile section */

/* Begin PBXCopyFilesBuildPhase section */
		CB6A198D1AA12CFE00C6F3F0 /* CopyFiles */ = {
			isa = PBXCopyFilesBuildPhase;
			buildActionMask = 2147483647;
			dstPath = /usr/share/man/man1/;
			dstSubfolderSpec = 0;
			files = (
			);
			runOnlyForDeploymentPostprocessing = 1;
		};
/* End PBXCopyFilesBuildPhase section */

/* Begin PBXFileReference section */
		CB6A198F1AA12CFE00C6F3F0 /* Generic Database */ = {isa = PBXFileReference; explicitFileType = "compiled.mach-o.executable"; includeInIndex = 0; path = "Generic Database"; sourceTree = BUILT_PRODUCTS_DIR; };
		CB6A19921AA12CFE00C6F3F0 /* main.cpp */ = {isa = PBXFileReference; lastKnownFileType = sourcecode.cpp.cpp; path = main.cpp; sourceTree = "<group>"; };
		CB6A199A1AA1349000C6F3F0 /* Database.h */ = {isa = PBXFileReference; lastKnownFileType = sourcecode.c.h; path = Database.h; sourceTree = "<group>"; };
		CB6A199B1AA1783900C6F3F0 /* README.md */ = {isa = PBXFileReference; fileEncoding = 4; lastKnownFileType = net.daringfireball.markdown; path = README.md; sourceTree = "<group>"; };
/* End PBXFileReference section */

/* Begin PBXFrameworksBuildPhase section */
		CB6A198C1AA12CFE00C6F3F0 /* Frameworks */ = {
			isa = PBXFrameworksBuildPhase;
			buildActionMask = 2147483647;
			files = (
			);
			runOnlyForDeploymentPostprocessing = 0;
		};
/* End PBXFrameworksBuildPhase section */

/* Begin PBXGroup section */
		CB6A19861AA12CFD00C6F3F0 = {
			isa = PBXGroup;
			children = (
				CB6A199B1AA1783900C6F3F0 /* README.md */,
				CB6A19911AA12CFE00C6F3F0 /* Generic Database */,
				CB6A19901AA12CFE00C6F3F0 /* Products */,
			);
			sourceTree = "<group>";
		};
		CB6A19901AA12CFE00C6F3F0 /* Products */ = {
			isa = PBXGroup;
			children = (
				CB6A198F1AA12CFE00C6F3F0 /* Generic Database */,
			);
			name = Products;
			sourceTree = "<group>";
		};
		CB6A19911AA12CFE00C6F3F0 /* Generic Database */ = {
			isa = PBXGroup;
			children = (
				CB6A19921AA12CFE00C6F3F0 /* main.cpp */,
				CB6A199A1AA1349000C6F3F0 /* Database.h */,
			);
			path = "Generic Database";
			sourceTree = "<group>";
		};
/* End PBXGroup section */

/* Begin PBXNativeTarget section */
		CB6A198E1AA12CFE00C6F3F0 /* Generic Database */ = {
			isa = PBXNativeTarget;
			buildConfigurationList = CB6A19961AA12CFE00C6F3F0 /* Build configuration list for PBXNativeTarget "Generic Database" */;
			buildPhases = (
				CB6A198B1AA12CFE00C6F3F0 /* Sources */,
				CB6A198C1AA12CFE00C6F3F0 /* Frameworks */,
				CB6A198D1AA12CFE00C6F3F0 /* CopyFiles */,
			);
			buildRules = (
			);
			dependencies = (
			);
			name = "Generic Database";
			productName = "Generic Database";
			productReference = CB6A198F1AA12CFE00C6F3F0 /* Generic Database */;
			productType = "com.apple.product-type.tool";
		};
/* End PBXNativeTarget section */

/* Begin PBXProject section */
		CB6A19871AA12CFD00C6F3F0 /* Project object */ = {
			isa = PBXProject;
			attributes = {
				LastUpgradeCheck = 0610;
				ORGANIZATIONNAME = "Wenzheng Jiang";
				TargetAttributes = {
					CB6A198E1AA12CFE00C6F3F0 = {
						CreatedOnToolsVersion = 6.1.1;
					};
				};
			};
			buildConfigurationList = CB6A198A1AA12CFD00C6F3F0 /* Build configuration list for PBXProject "Generic Database" */;
			compatibilityVersion = "Xcode 3.2";
			developmentRegion = English;
			hasScannedForEncodings = 0;
			knownRegions = (
				en,
			);
			mainGroup = CB6A19861AA12CFD00C6F3F0;
			productRefGroup = CB6A19901AA12CFE00C6F3F0 /* Products */;
			projectDirPath = "";
			projectRoot = "";
			targets = (
				CB6A198E1AA12CFE00C6F3F0 /* Generic Database */,
			);
		};
/* End PBXProject section */

/* Begin PBXSourcesBuildPhase section */
		CB6A198B1AA12CFE00C6F3F0 /* Sources */ = {
			isa = PBXSourcesBuildPhase;
			buildActionMask = 2147483647;
			files = (
				CB6A199C1AA1783900C6F3F0 /* README.md in Sources */,
				CB6A19931AA12CFE00C6F3F0 /* main.cpp in Sources */,
			);
			runOnlyForDeploymentPostprocessing = 0;
		};
/* End PBXSourcesBuildPhase section */

/* Begin XCBuildConfiguration section */
		CB6A19941AA12CFE00C6F3F0 /* Debug */ = {
			isa = XCBuildConfiguration;
			buildSettings = {
				ALWAYS_SEARCH_USER_PATHS = NO;
				CLANG_CXX_LANGUAGE_STANDARD = "gnu++0x";
				CLANG_CXX_LIBRARY = "libc++";
				CLANG_ENABLE_MODULES = YES;
				CLANG_ENABLE_OBJC_ARC = YES;
				CLANG_WARN_BOOL_CONVERSION = YES;
				CLANG_WARN_CONSTANT_CONVERSION = YES;
				CLANG_WARN_DIRECT_OBJC_ISA_USAGE = YES_ERROR;
				CLANG_WARN_EMPTY_BODY = YES;
				CLANG_WARN_ENUM_CONVERSION = YES;
				CLANG_WARN_INT_CONVERSION = YES;
				CLANG_WARN_OBJC_ROOT_CLASS = YES_ERROR;
				CLANG_WARN_UNREACHABLE_CODE = YES;
				CLANG_WARN__DUPLICATE_METHOD_MATCH = YES;
				COPY_PHASE_STRIP = NO;
				ENABLE_STRICT_OBJC_MSGSEND = YES;
				GCC_C_LANGUAGE_STANDARD = gnu99;
				GCC_DYNAMIC_NO_PIC = NO;
				GCC_OPTIMIZATION_LEVEL = 0;
				GCC_PREPROCESSOR_DEFINITIONS = (
					"DEBUG=1",
					"$(inherited)",
				);
				GCC_SYMBOLS_PRIVATE_EXTERN = NO;
				GCC_WARN_64_TO_32_BIT_CONVERSION = YES;
				GCC_WARN_ABOUT_RETURN_TYPE = YES_ERROR;
				GCC_WARN_UNDECLARED_SELECTOR = YES;
				GCC_WARN_UNINITIALIZED_AUTOS = YES_AGGRESSIVE;
				GCC_WARN_UNUSED_FUNCTION = YES;
				GCC_WARN_UNUSED_VARIABLE = YES;
				MACOSX_DEPLOYMENT_TARGET = 10.10;
				MTL_ENABLE_DEBUG_INFO = YES;
				ONLY_ACTIVE_ARCH = YES;
				SDKROOT = macosx;
			};
			name = Debug;
		};
		CB6A19951AA12CFE00C6F3F0 /* Release */ = {
			isa = XCBuildConfiguration;
			buildSettings = {
				ALWAYS_SEARCH_USER_PATHS = NO;
				CLANG_CXX_LANGUAGE_STANDARD = "gnu++0x";
				CLANG_CXX_LIBRARY = "libc++";
				CLANG_ENABLE_MODULES = YES;
				CLANG_ENABLE_OBJC_ARC = YES;
				CLANG_WARN_BOOL_CONVERSION = YES;
				CLANG_WARN_CONSTANT_CONVERSION = YES;
				CLANG_WARN_DIRECT_OBJC_ISA_USAGE = YES_ERROR;
				CLANG_WARN_EMPTY_BODY = YES;
				CLANG_WARN_ENUM_CONVERSION = YES;
				CLANG_WARN_INT_CONVERSION = YES;
				CLANG_WARN_OBJC_ROOT_CLASS = YES_ERROR;
				CLANG_WARN_UNREACHABLE_CODE = YES;
				CLANG_WARN__DUPLICATE_METHOD_MATCH = YES;
				COPY_PHASE_STRIP = YES;
				DEBUG_INFORMATION_FORMAT = "dwarf-with-dsym";
				ENABLE_NS_ASSERTIONS = NO;
				ENABLE_STRICT_OBJC_MSGSEND = YES;
				GCC_C_LANGUAGE_STANDARD = gnu99;
				GCC_WARN_64_TO_32_BIT_CONVERSION = YES;
				GCC_WARN_ABOUT_RETURN_TYPE = YES_ERROR;
				GCC_WARN_UNDECLARED_SELECTOR = YES;
				GCC_WARN_UNINITIALIZED_AUTOS = YES_AGGRESSIVE;
				GCC_WARN_UNUSED_FUNCTION = YES;
				GCC_WARN_UNUSED_VARIABLE = YES;
				MACOSX_DEPLOYMENT_TARGET = 10.10;
				MTL_ENABLE_DEBUG_INFO = NO;
				SDKROOT = macosx;
			};
			name = Release;
		};
		CB6A19971AA12CFE00C6F3F0 /* Debug */ = {
			isa = XCBuildConfiguration;
			buildSettings = {
				PRODUCT_NAME = "$(TARGET_NAME)";
			};
			name = Debug;
		};
		CB6A19981AA12CFE00C6F3F0 /* Release */ = {
			isa = XCBuildConfiguration;
			buildSettings = {
				PRODUCT_NAME = "$(TARGET_NAME)";
			};
			name = Release;
		};
/* End XCBuildConfiguration section */

/* Begin XCConfigurationList section */
		CB6A198A1AA12CFD00C6F3F0 /* Build configuration list for PBXProject "Generic Database" */ = {
			isa = XCConfigurationList;
			buildConfigurations = (
				CB6A19941AA12CFE00C6F3F0 /* Debug */,
				CB6A19951AA12CFE00C6F3F0 /* Release */,
			);
			defaultConfigurationIsVisible = 0;
			defaultConfigurationName = Release;
		};
		CB6A19961AA12CFE00C6F3F0 /* Build configuration list for PBXNativeTarget "Generic Database" */ = {
			isa = XCConfigurationList;
			buildConfigurations = (
				CB6A19971AA12CFE00C6F3F0 /* Debug */,
				CB6A19981AA12CFE00C6F3F0 /* Release */,
			);
			defaultConfigurationIsVisible = 0;
		};
/* End XCConfigurationList section */
	};
	rootObject = CB6A19871AA12CFD00C6F3F0 /* Project object */;
}
